
Microsoft Visual Studio Solution File, Format Version 12.00
# Visual Studio Version 17
VisualStudioVersion = 17.1.32319.34
MinimumVisualStudioVersion = 10.0.40219.1
Project("{FAE04EC0-301F-11D3-BF4B-00C04F79EFBC}") = "WhatsTheWeather", "WhatsTheWeather\WhatsTheWeather.csproj", "{74C7AD47-8808-49EC-AC5B-90EEB83B751C}"
EndProject
Project("{FAE04EC0-301F-11D3-BF4B-00C04F79EFBC}") = "WeatherAccess", "WeatherAccess\WeatherAccess.csproj", "{5107749A-236E-41ED-AE72-8FFB7ACC8015}"
EndProject
Project("{FAE04EC0-301F-11D3-BF4B-00C04F79EFBC}") = "WhatsTheWeatherDatabaseAccess", "WhatsTheWeatherDatabaseAccess\WhatsTheWeatherDatabaseAccess.csproj", "{BC808234-6C65-4D29-8A23-784D07DF7103}"
EndProject
Project("{FAE04EC0-301F-11D3-BF4B-00C04F79EFBC}") = "WhatsTheWeatherLogic", "WhatsTheWeatherLogic\WhatsTheWeatherLogic.csproj", "{DAB75C8F-3CEC-4E37-8AB5-C3BF02A5296E}"
EndProject
Global
	GlobalSection(SolutionConfigurationPlatforms) = preSolution
		Debug|Any CPU = Debug|Any CPU
		Release|Any CPU = Release|Any CPU
	EndGlobalSection
	GlobalSection(ProjectConfigurationPlatforms) = postSolution
		{74C7AD47-8808-49EC-AC5B-90EEB83B751C}.Debug|Any CPU.ActiveCfg = Debug|Any CPU
		{74C7AD47-8808-49EC-AC5B-90EEB83B751C}.Debug|Any CPU.Build.0 = Debug|Any CPU
		{74C7AD47-8808-49EC-AC5B-90EEB83B751C}.Release|Any CPU.ActiveCfg = Release|Any CPU
		{74C7AD47-8808-49EC-AC5B-90EEB83B751C}.Release|Any CPU.Build.0 = Release|Any CPU
		{5107749A-236E-41ED-AE72-8FFB7ACC8015}.Debug|Any CPU.ActiveCfg = Debug|Any CPU
		{5107749A-236E-41ED-AE72-8FFB7ACC8015}.Debug|Any CPU.Build.0 = Debug|Any CPU
		{5107749A-236E-41ED-AE72-8FFB7ACC8015}.Release|Any CPU.ActiveCfg = Release|Any CPU
		{5107749A-236E-41ED-AE72-8FFB7ACC8015}.Release|Any CPU.Build.0 = Release|Any CPU
		{BC808234-6C65-4D29-8A23-784D07DF7103}.Debug|Any CPU.ActiveCfg = Debug|Any CPU
		{BC808234-6C65-4D29-8A23-784D07DF7103}.Debug|Any CPU.Build.0 = Debug|Any CPU
		{BC808234-6C65-4D29-8A23-784D07DF7103}.Release|Any CPU.ActiveCfg = Release|Any CPU
		{BC808234-6C65-4D29-8A23-784D07DF7103}.Release|Any CPU.Build.0 = Release|Any CPU
		{DAB75C8F-3CEC-4E37-8AB5-C3BF02A5296E}.Debug|Any CPU.ActiveCfg = Debug|Any CPU
		{DAB75C8F-3CEC-4E37-8AB5-C3BF02A5296E}.Debug|Any CPU.Build.0 = Debug|Any CPU
		{DAB75C8F-3CEC-4E37-8AB5-C3BF02A5296E}.Release|Any CPU.ActiveCfg = Release|Any CPU
		{DAB75C8F-3CEC-4E37-8AB5-C3BF02A5296E}.Release|Any CPU.Build.0 = Release|Any CPU
	EndGlobalSection
	GlobalSection(SolutionProperties) = preSolution
		HideSolutionNode = FALSE
	EndGlobalSection
	GlobalSection(ExtensibilityGlobals) = postSolution
		SolutionGuid = {28639267-7FED-478B-91C5-FAF0BA7B95C6}
	EndGlobalSection
EndGlobal
